
Microsoft Visual Studio Solution File, Format Version 11.00
# Visual Studio 2010
Project("{FAE04EC0-301F-11D3-BF4B-00C04F79EFBC}") = "Assembly-CSharp", "Assembly-CSharp.csproj", "{b1d5edc1-e1ba-ddf6-1be8-53b972f03908}"
EndProject
Project("{FAE04EC0-301F-11D3-BF4B-00C04F79EFBC}") = "Assembly-CSharp-firstpass", "Assembly-CSharp-firstpass.csproj", "{8bbf2def-9228-f223-dfd5-06bb9b53473d}"
EndProject
Project("{FAE04EC0-301F-11D3-BF4B-00C04F79EFBC}") = "Assembly-CSharp-Editor-firstpass", "Assembly-CSharp-Editor-firstpass.csproj", "{a9dca7e2-bf6f-2c71-9e78-59d18096c768}"
EndProject
Global
	GlobalSection(SolutionConfigurationPlatforms) = preSolution
		Debug|Any CPU = Debug|Any CPU
	EndGlobalSection
	GlobalSection(ProjectConfigurationPlatforms) = postSolution
		{b1d5edc1-e1ba-ddf6-1be8-53b972f03908}.Debug|Any CPU.ActiveCfg = Debug|Any CPU
		{b1d5edc1-e1ba-ddf6-1be8-53b972f03908}.Debug|Any CPU.Build.0 = Debug|Any CPU
		{8bbf2def-9228-f223-dfd5-06bb9b53473d}.Debug|Any CPU.ActiveCfg = Debug|Any CPU
		{8bbf2def-9228-f223-dfd5-06bb9b53473d}.Debug|Any CPU.Build.0 = Debug|Any CPU
		{a9dca7e2-bf6f-2c71-9e78-59d18096c768}.Debug|Any CPU.ActiveCfg = Debug|Any CPU
		{a9dca7e2-bf6f-2c71-9e78-59d18096c768}.Debug|Any CPU.Build.0 = Debug|Any CPU
	EndGlobalSection
	GlobalSection(SolutionProperties) = preSolution
		HideSolutionNode = FALSE
	EndGlobalSection
EndGlobal
